
Microsoft Visual Studio Solution File, Format Version 12.00
# Visual Studio Version 17
VisualStudioVersion = 17.9.34622.214
MinimumVisualStudioVersion = 10.0.40219.1
Project("{FAE04EC0-301F-11D3-BF4B-00C04F79EFBC}") = "Consola", "Consola\Consola.csproj", "{5C51300D-8971-43F2-9C5E-4EACC9930E5F}"
EndProject
Project("{FAE04EC0-301F-11D3-BF4B-00C04F79EFBC}") = "Dominio", "Dominio\Dominio.csproj", "{AD4AF88E-74AA-42AA-9CD2-63A374FBD791}"
EndProject
Global
	GlobalSection(SolutionConfigurationPlatforms) = preSolution
		Debug|Any CPU = Debug|Any CPU
		Release|Any CPU = Release|Any CPU
	EndGlobalSection
	GlobalSection(ProjectConfigurationPlatforms) = postSolution
		{5C51300D-8971-43F2-9C5E-4EACC9930E5F}.Debug|Any CPU.ActiveCfg = Debug|Any CPU
		{5C51300D-8971-43F2-9C5E-4EACC9930E5F}.Debug|Any CPU.Build.0 = Debug|Any CPU
		{5C51300D-8971-43F2-9C5E-4EACC9930E5F}.Release|Any CPU.ActiveCfg = Release|Any CPU
		{5C51300D-8971-43F2-9C5E-4EACC9930E5F}.Release|Any CPU.Build.0 = Release|Any CPU
		{AD4AF88E-74AA-42AA-9CD2-63A374FBD791}.Debug|Any CPU.ActiveCfg = Debug|Any CPU
		{AD4AF88E-74AA-42AA-9CD2-63A374FBD791}.Debug|Any CPU.Build.0 = Debug|Any CPU
		{AD4AF88E-74AA-42AA-9CD2-63A374FBD791}.Release|Any CPU.ActiveCfg = Release|Any CPU
		{AD4AF88E-74AA-42AA-9CD2-63A374FBD791}.Release|Any CPU.Build.0 = Release|Any CPU
	EndGlobalSection
	GlobalSection(SolutionProperties) = preSolution
		HideSolutionNode = FALSE
	EndGlobalSection
	GlobalSection(ExtensibilityGlobals) = postSolution
		SolutionGuid = {167FA6E8-140C-419C-AB26-4C3A21F6DBB8}
	EndGlobalSection
EndGlobal
